
Microsoft Visual Studio Solution File, Format Version 12.00
# Visual Studio Version 16
VisualStudioVersion = 16.0.31410.357
MinimumVisualStudioVersion = 10.0.40219.1
Project("{FAE04EC0-301F-11D3-BF4B-00C04F79EFBC}") = "DynamicArray", "DynamicArray.csproj", "{A5F9A899-895D-4488-AC8D-425895C1427B}"
EndProject
Global
	GlobalSection(SolutionConfigurationPlatforms) = preSolution
		Debug|Any CPU = Debug|Any CPU
		Release|Any CPU = Release|Any CPU
	EndGlobalSection
	GlobalSection(ProjectConfigurationPlatforms) = postSolution
		{A5F9A899-895D-4488-AC8D-425895C1427B}.Debug|Any CPU.ActiveCfg = Debug|Any CPU
		{A5F9A899-895D-4488-AC8D-425895C1427B}.Debug|Any CPU.Build.0 = Debug|Any CPU
		{A5F9A899-895D-4488-AC8D-425895C1427B}.Release|Any CPU.ActiveCfg = Release|Any CPU
		{A5F9A899-895D-4488-AC8D-425895C1427B}.Release|Any CPU.Build.0 = Release|Any CPU
	EndGlobalSection
	GlobalSection(SolutionProperties) = preSolution
		HideSolutionNode = FALSE
	EndGlobalSection
	GlobalSection(ExtensibilityGlobals) = postSolution
		SolutionGuid = {65B08C3A-0361-43C4-8778-07FAF30B79EC}
	EndGlobalSection
EndGlobal
